
Microsoft Visual Studio Solution File, Format Version 12.00
# Visual Studio 2013
VisualStudioVersion = 12.0.30723.0
MinimumVisualStudioVersion = 10.0.40219.1
Project("{FAE04EC0-301F-11D3-BF4B-00C04F79EFBC}") = "ControleVacinacao.Dominio", "ControleVacinacao.Dominio\ControleVacinacao.Dominio.csproj", "{8D9E8C7A-EE58-4FF3-967E-3AC46F13BA42}"
EndProject
Project("{FAE04EC0-301F-11D3-BF4B-00C04F79EFBC}") = "ControleVacinacao.Repositorio", "ControleVacinacao.Repositorio\ControleVacinacao.Repositorio.csproj", "{ED327AD4-0A0F-4A7A-944D-4B52B95AB0B8}"
EndProject
Global
	GlobalSection(SolutionConfigurationPlatforms) = preSolution
		Debug|Any CPU = Debug|Any CPU
		Release|Any CPU = Release|Any CPU
	EndGlobalSection
	GlobalSection(ProjectConfigurationPlatforms) = postSolution
		{8D9E8C7A-EE58-4FF3-967E-3AC46F13BA42}.Debug|Any CPU.ActiveCfg = Debug|Any CPU
		{8D9E8C7A-EE58-4FF3-967E-3AC46F13BA42}.Debug|Any CPU.Build.0 = Debug|Any CPU
		{8D9E8C7A-EE58-4FF3-967E-3AC46F13BA42}.Release|Any CPU.ActiveCfg = Release|Any CPU
		{8D9E8C7A-EE58-4FF3-967E-3AC46F13BA42}.Release|Any CPU.Build.0 = Release|Any CPU
		{ED327AD4-0A0F-4A7A-944D-4B52B95AB0B8}.Debug|Any CPU.ActiveCfg = Debug|Any CPU
		{ED327AD4-0A0F-4A7A-944D-4B52B95AB0B8}.Debug|Any CPU.Build.0 = Debug|Any CPU
		{ED327AD4-0A0F-4A7A-944D-4B52B95AB0B8}.Release|Any CPU.ActiveCfg = Release|Any CPU
		{ED327AD4-0A0F-4A7A-944D-4B52B95AB0B8}.Release|Any CPU.Build.0 = Release|Any CPU
	EndGlobalSection
	GlobalSection(SolutionProperties) = preSolution
		HideSolutionNode = FALSE
	EndGlobalSection
EndGlobal
